{
    "version": 3,
    "terraform_version": "0.11.7",
    "serial": 19,
    "lineage": "c9aac4ec-4487-20f4-3375-2eeb3d860860",
    "modules": [
        {
            "path": [
                "root"
            ],
            "outputs": {
                "server-ip": {
                    "sensitive": false,
                    "type": "string",
                    "value": "54.236.20.189"
                }
            },
            "resources": {
                "aws_instance.docker": {
                    "type": "aws_instance",
                    "depends_on": [
                        "aws_security_group.sec-group"
                    ],
                    "primary": {
                        "id": "i-0f18a129081d93c11",
                        "attributes": {
                            "ami": "ami-31f1d94a",
                            "associate_public_ip_address": "true",
                            "availability_zone": "us-east-1b",
                            "cpu_core_count": "1",
                            "cpu_threads_per_core": "1",
                            "credit_specification.#": "1",
                            "credit_specification.0.cpu_credits": "standard",
                            "disable_api_termination": "false",
                            "ebs_block_device.#": "0",
                            "ebs_optimized": "false",
                            "ephemeral_block_device.#": "0",
                            "get_password_data": "false",
                            "iam_instance_profile": "",
                            "id": "i-0f18a129081d93c11",
                            "instance_state": "running",
                            "instance_type": "t2.micro",
                            "ipv6_addresses.#": "0",
                            "key_name": "key_terraform",
                            "monitoring": "false",
                            "network_interface.#": "0",
                            "network_interface_id": "eni-0b67b524e1997306c",
                            "password_data": "",
                            "placement_group": "",
                            "primary_network_interface_id": "eni-0b67b524e1997306c",
                            "private_dns": "ip-172-31-17-98.ec2.internal",
                            "private_ip": "172.31.17.98",
                            "public_dns": "ec2-54-236-20-189.compute-1.amazonaws.com",
                            "public_ip": "54.236.20.189",
                            "root_block_device.#": "1",
                            "root_block_device.0.delete_on_termination": "true",
                            "root_block_device.0.iops": "100",
                            "root_block_device.0.volume_id": "vol-011add79fba43c998",
                            "root_block_device.0.volume_size": "30",
                            "root_block_device.0.volume_type": "gp2",
                            "security_groups.#": "1",
                            "security_groups.156232984": "my-sec-group",
                            "source_dest_check": "true",
                            "subnet_id": "subnet-20602e6a",
                            "tags.%": "1",
                            "tags.Name": "docker",
                            "tenancy": "default",
                            "user_data": "ff36d7bc66494527b46f10dc180c6c9e450f9d2d",
                            "volume_tags.%": "0",
                            "vpc_security_group_ids.#": "1",
                            "vpc_security_group_ids.2475571759": "sg-010c111a54d19eaff"
                        },
                        "meta": {
                            "e2bfb730-ecaa-11e6-8f88-34363bc7c4c0": {
                                "create": 600000000000,
                                "delete": 1200000000000,
                                "update": 600000000000
                            },
                            "schema_version": "1"
                        },
                        "tainted": false
                    },
                    "deposed": [],
                    "provider": "provider.aws"
                },
                "aws_key_pair.key_terraform": {
                    "type": "aws_key_pair",
                    "depends_on": [],
                    "primary": {
                        "id": "key_terraform",
                        "attributes": {
                            "id": "key_terraform",
                            "key_name": "key_terraform",
                            "public_key": "ssh-rsa AAAAB3NzaC1yc2EAAAADAQABAAABAQCUxGPZKrZXB6AxG8oEvnW7aVdWmHi4JwhVQLSC/o9SBmoL5zf1amz3+/knmFS1BcL/q21cO6bvI7kBfxoVHMgsQC9f30kv56snyhwYNrg0MP9j3Q32fQXw8bdE+H13nSdWaO7FMwHvBtdxg/9UTVfdvedyYM+CbwPYQ/lxw5EnVtqAPyiaLqZqbAqyaTEXps4nIcUB8wINKdLecBc1aIKNwXRP1kUEL20qT5U876CSEjJqr/9GtCsWNiwAtjkwjfDYrHFCvOncBJdL7c5ZiOS92Z7otZu068a7E0LKo1eJxA3KCKZphKUny+ZW99jSNTLSynAyTc3X81UUzHnxnhIh"
                        },
                        "meta": {
                            "schema_version": "1"
                        },
                        "tainted": false
                    },
                    "deposed": [],
                    "provider": "provider.aws"
                },
                "aws_security_group.sec-group": {
                    "type": "aws_security_group",
                    "depends_on": [],
                    "primary": {
                        "id": "sg-010c111a54d19eaff",
                        "attributes": {
                            "arn": "arn:aws:ec2:us-east-1:491740959357:security-group/sg-010c111a54d19eaff",
                            "description": "Managed by Terraform",
                            "egress.#": "1",
                            "egress.2617001939.cidr_blocks.#": "1",
                            "egress.2617001939.cidr_blocks.0": "0.0.0.0/0",
                            "egress.2617001939.description": "",
                            "egress.2617001939.from_port": "443",
                            "egress.2617001939.ipv6_cidr_blocks.#": "0",
                            "egress.2617001939.prefix_list_ids.#": "0",
                            "egress.2617001939.protocol": "tcp",
                            "egress.2617001939.security_groups.#": "0",
                            "egress.2617001939.self": "false",
                            "egress.2617001939.to_port": "443",
                            "id": "sg-010c111a54d19eaff",
                            "ingress.#": "8",
                            "ingress.1422255337.cidr_blocks.#": "1",
                            "ingress.1422255337.cidr_blocks.0": "0.0.0.0/0",
                            "ingress.1422255337.description": "",
                            "ingress.1422255337.from_port": "5433",
                            "ingress.1422255337.ipv6_cidr_blocks.#": "0",
                            "ingress.1422255337.protocol": "tcp",
                            "ingress.1422255337.security_groups.#": "0",
                            "ingress.1422255337.self": "false",
                            "ingress.1422255337.to_port": "5433",
                            "ingress.1682779669.cidr_blocks.#": "1",
                            "ingress.1682779669.cidr_blocks.0": "0.0.0.0/0",
                            "ingress.1682779669.description": "",
                            "ingress.1682779669.from_port": "9091",
                            "ingress.1682779669.ipv6_cidr_blocks.#": "0",
                            "ingress.1682779669.protocol": "tcp",
                            "ingress.1682779669.security_groups.#": "0",
                            "ingress.1682779669.self": "false",
                            "ingress.1682779669.to_port": "9091",
                            "ingress.2214680975.cidr_blocks.#": "1",
                            "ingress.2214680975.cidr_blocks.0": "0.0.0.0/0",
                            "ingress.2214680975.description": "",
                            "ingress.2214680975.from_port": "80",
                            "ingress.2214680975.ipv6_cidr_blocks.#": "0",
                            "ingress.2214680975.protocol": "tcp",
                            "ingress.2214680975.security_groups.#": "0",
                            "ingress.2214680975.self": "false",
                            "ingress.2214680975.to_port": "80",
                            "ingress.2541437006.cidr_blocks.#": "1",
                            "ingress.2541437006.cidr_blocks.0": "0.0.0.0/0",
                            "ingress.2541437006.description": "",
                            "ingress.2541437006.from_port": "22",
                            "ingress.2541437006.ipv6_cidr_blocks.#": "0",
                            "ingress.2541437006.protocol": "tcp",
                            "ingress.2541437006.security_groups.#": "0",
                            "ingress.2541437006.self": "false",
                            "ingress.2541437006.to_port": "22",
                            "ingress.3068409405.cidr_blocks.#": "1",
                            "ingress.3068409405.cidr_blocks.0": "0.0.0.0/0",
                            "ingress.3068409405.description": "",
                            "ingress.3068409405.from_port": "8",
                            "ingress.3068409405.ipv6_cidr_blocks.#": "0",
                            "ingress.3068409405.protocol": "icmp",
                            "ingress.3068409405.security_groups.#": "0",
                            "ingress.3068409405.self": "false",
                            "ingress.3068409405.to_port": "0",
                            "ingress.501830036.cidr_blocks.#": "1",
                            "ingress.501830036.cidr_blocks.0": "0.0.0.0/0",
                            "ingress.501830036.description": "",
                            "ingress.501830036.from_port": "9090",
                            "ingress.501830036.ipv6_cidr_blocks.#": "0",
                            "ingress.501830036.protocol": "tcp",
                            "ingress.501830036.security_groups.#": "0",
                            "ingress.501830036.self": "false",
                            "ingress.501830036.to_port": "9090",
                            "ingress.516175195.cidr_blocks.#": "1",
                            "ingress.516175195.cidr_blocks.0": "0.0.0.0/0",
                            "ingress.516175195.description": "",
                            "ingress.516175195.from_port": "8080",
                            "ingress.516175195.ipv6_cidr_blocks.#": "0",
                            "ingress.516175195.protocol": "tcp",
                            "ingress.516175195.security_groups.#": "0",
                            "ingress.516175195.self": "false",
                            "ingress.516175195.to_port": "8080",
                            "ingress.916630849.cidr_blocks.#": "1",
                            "ingress.916630849.cidr_blocks.0": "0.0.0.0/0",
                            "ingress.916630849.description": "",
                            "ingress.916630849.from_port": "81",
                            "ingress.916630849.ipv6_cidr_blocks.#": "0",
                            "ingress.916630849.protocol": "tcp",
                            "ingress.916630849.security_groups.#": "0",
                            "ingress.916630849.self": "false",
                            "ingress.916630849.to_port": "81",
                            "name": "my-sec-group",
                            "owner_id": "491740959357",
                            "revoke_rules_on_delete": "false",
                            "tags.%": "0",
                            "vpc_id": "vpc-fe61a984"
                        },
                        "meta": {
                            "e2bfb730-ecaa-11e6-8f88-34363bc7c4c0": {
                                "create": 600000000000,
                                "delete": 600000000000
                            },
                            "schema_version": "1"
                        },
                        "tainted": false
                    },
                    "deposed": [],
                    "provider": "provider.aws"
                }
            },
            "depends_on": []
        }
    ]
}
